
Microsoft Visual Studio Solution File, Format Version 12.00
# Visual Studio Version 17
VisualStudioVersion = 17.11.35312.102
MinimumVisualStudioVersion = 10.0.40219.1
Project("{FAE04EC0-301F-11D3-BF4B-00C04F79EFBC}") = "Act1", "Act1\Act1.csproj", "{6E5C3410-4217-41A7-8BFB-64F81281CDF0}"
EndProject
Global
	GlobalSection(SolutionConfigurationPlatforms) = preSolution
		Debug|Any CPU = Debug|Any CPU
		Release|Any CPU = Release|Any CPU
	EndGlobalSection
	GlobalSection(ProjectConfigurationPlatforms) = postSolution
		{6E5C3410-4217-41A7-8BFB-64F81281CDF0}.Debug|Any CPU.ActiveCfg = Debug|Any CPU
		{6E5C3410-4217-41A7-8BFB-64F81281CDF0}.Debug|Any CPU.Build.0 = Debug|Any CPU
		{6E5C3410-4217-41A7-8BFB-64F81281CDF0}.Release|Any CPU.ActiveCfg = Release|Any CPU
		{6E5C3410-4217-41A7-8BFB-64F81281CDF0}.Release|Any CPU.Build.0 = Release|Any CPU
	EndGlobalSection
	GlobalSection(SolutionProperties) = preSolution
		HideSolutionNode = FALSE
	EndGlobalSection
	GlobalSection(ExtensibilityGlobals) = postSolution
		SolutionGuid = {6EC1AFE6-8086-4C19-9587-D5AB0D038E66}
	EndGlobalSection
EndGlobal
